
Microsoft Visual Studio Solution File, Format Version 12.00
# Visual Studio Version 17
VisualStudioVersion = 17.4.33015.44
MinimumVisualStudioVersion = 10.0.40219.1
Project("{9A19103F-16F7-4668-BE54-9A1E7A4F7556}") = "Jamesnet.Wpf", "Jamesnet.Wpf\Jamesnet.Wpf.csproj", "{86299345-D618-4138-AC04-5E3DC083F97B}"
EndProject
Project("{9A19103F-16F7-4668-BE54-9A1E7A4F7556}") = "Jamesnet.Design", "Jamesnet.Design\Jamesnet.Design.csproj", "{8A2F0C4B-DBA5-46BF-8557-F79800723AF8}"
EndProject
Project("{9A19103F-16F7-4668-BE54-9A1E7A4F7556}") = "Jamesnet.Degisn.Tests", "Jamesnet.Degisn.Tests\Jamesnet.Degisn.Tests.csproj", "{D5C6657D-1F1B-4D99-B469-5726A6473048}"
EndProject
Project("{2150E333-8FDC-42A3-9474-1A3956D46DE8}") = "Sample", "Sample", "{D27191B4-A1F5-422D-A4CC-66D9271A5310}"
EndProject
Project("{2150E333-8FDC-42A3-9474-1A3956D46DE8}") = "VIewModel", "VIewModel", "{880A466C-9747-4B7D-9F42-CA599F7FC579}"
EndProject
Project("{FAE04EC0-301F-11D3-BF4B-00C04F79EFBC}") = "ViewModelSample", "ViewModelSample\ViewModelSample.csproj", "{30E61397-3CC2-4F5C-8722-9DD60ADDF67A}"
EndProject
Project("{FAE04EC0-301F-11D3-BF4B-00C04F79EFBC}") = "ViewModelSample.Forms", "ViewModelSample.Forms\ViewModelSample.Forms.csproj", "{C1680E6E-F872-4AAC-9180-06E6A420688F}"
EndProject
Project("{FAE04EC0-301F-11D3-BF4B-00C04F79EFBC}") = "ViewModelSample.Core", "ViewModelSample.Core\ViewModelSample.Core.csproj", "{30E44141-7004-4509-A5A5-CCEA2DB1DA51}"
EndProject
Global
	GlobalSection(SolutionConfigurationPlatforms) = preSolution
		Debug|Any CPU = Debug|Any CPU
		Release|Any CPU = Release|Any CPU
	EndGlobalSection
	GlobalSection(ProjectConfigurationPlatforms) = postSolution
		{86299345-D618-4138-AC04-5E3DC083F97B}.Debug|Any CPU.ActiveCfg = Debug|Any CPU
		{86299345-D618-4138-AC04-5E3DC083F97B}.Debug|Any CPU.Build.0 = Debug|Any CPU
		{86299345-D618-4138-AC04-5E3DC083F97B}.Release|Any CPU.ActiveCfg = Release|Any CPU
		{86299345-D618-4138-AC04-5E3DC083F97B}.Release|Any CPU.Build.0 = Release|Any CPU
		{8A2F0C4B-DBA5-46BF-8557-F79800723AF8}.Debug|Any CPU.ActiveCfg = Debug|Any CPU
		{8A2F0C4B-DBA5-46BF-8557-F79800723AF8}.Debug|Any CPU.Build.0 = Debug|Any CPU
		{8A2F0C4B-DBA5-46BF-8557-F79800723AF8}.Release|Any CPU.ActiveCfg = Release|Any CPU
		{8A2F0C4B-DBA5-46BF-8557-F79800723AF8}.Release|Any CPU.Build.0 = Release|Any CPU
		{D5C6657D-1F1B-4D99-B469-5726A6473048}.Debug|Any CPU.ActiveCfg = Debug|Any CPU
		{D5C6657D-1F1B-4D99-B469-5726A6473048}.Debug|Any CPU.Build.0 = Debug|Any CPU
		{D5C6657D-1F1B-4D99-B469-5726A6473048}.Release|Any CPU.ActiveCfg = Release|Any CPU
		{D5C6657D-1F1B-4D99-B469-5726A6473048}.Release|Any CPU.Build.0 = Release|Any CPU
		{30E61397-3CC2-4F5C-8722-9DD60ADDF67A}.Debug|Any CPU.ActiveCfg = Debug|Any CPU
		{30E61397-3CC2-4F5C-8722-9DD60ADDF67A}.Debug|Any CPU.Build.0 = Debug|Any CPU
		{30E61397-3CC2-4F5C-8722-9DD60ADDF67A}.Release|Any CPU.ActiveCfg = Release|Any CPU
		{30E61397-3CC2-4F5C-8722-9DD60ADDF67A}.Release|Any CPU.Build.0 = Release|Any CPU
		{C1680E6E-F872-4AAC-9180-06E6A420688F}.Debug|Any CPU.ActiveCfg = Debug|Any CPU
		{C1680E6E-F872-4AAC-9180-06E6A420688F}.Debug|Any CPU.Build.0 = Debug|Any CPU
		{C1680E6E-F872-4AAC-9180-06E6A420688F}.Release|Any CPU.ActiveCfg = Release|Any CPU
		{C1680E6E-F872-4AAC-9180-06E6A420688F}.Release|Any CPU.Build.0 = Release|Any CPU
		{30E44141-7004-4509-A5A5-CCEA2DB1DA51}.Debug|Any CPU.ActiveCfg = Debug|Any CPU
		{30E44141-7004-4509-A5A5-CCEA2DB1DA51}.Debug|Any CPU.Build.0 = Debug|Any CPU
		{30E44141-7004-4509-A5A5-CCEA2DB1DA51}.Release|Any CPU.ActiveCfg = Release|Any CPU
		{30E44141-7004-4509-A5A5-CCEA2DB1DA51}.Release|Any CPU.Build.0 = Release|Any CPU
	EndGlobalSection
	GlobalSection(SolutionProperties) = preSolution
		HideSolutionNode = FALSE
	EndGlobalSection
	GlobalSection(NestedProjects) = preSolution
		{880A466C-9747-4B7D-9F42-CA599F7FC579} = {D27191B4-A1F5-422D-A4CC-66D9271A5310}
		{30E61397-3CC2-4F5C-8722-9DD60ADDF67A} = {880A466C-9747-4B7D-9F42-CA599F7FC579}
		{C1680E6E-F872-4AAC-9180-06E6A420688F} = {880A466C-9747-4B7D-9F42-CA599F7FC579}
		{30E44141-7004-4509-A5A5-CCEA2DB1DA51} = {880A466C-9747-4B7D-9F42-CA599F7FC579}
	EndGlobalSection
	GlobalSection(ExtensibilityGlobals) = postSolution
		SolutionGuid = {75B2C820-CED4-4AF0-AC77-978ED865A717}
	EndGlobalSection
EndGlobal
