
Microsoft Visual Studio Solution File, Format Version 12.00
# Visual Studio Version 17
VisualStudioVersion = 17.4.33015.44
MinimumVisualStudioVersion = 10.0.40219.1
Project("{9A19103F-16F7-4668-BE54-9A1E7A4F7556}") = "Jamesnet.Wpf", "Jamesnet.Wpf\Jamesnet.Wpf.csproj", "{86299345-D618-4138-AC04-5E3DC083F97B}"
EndProject
Project("{9A19103F-16F7-4668-BE54-9A1E7A4F7556}") = "Jamesnet.Design", "Jamesnet.Design\Jamesnet.Design.csproj", "{8A2F0C4B-DBA5-46BF-8557-F79800723AF8}"
EndProject
Project("{9A19103F-16F7-4668-BE54-9A1E7A4F7556}") = "JamesnetTest", "JamesnetTest\JamesnetTest.csproj", "{D14137F1-4DB7-456F-B9AA-F2C3CC86A87A}"
EndProject
Global
	GlobalSection(SolutionConfigurationPlatforms) = preSolution
		Debug|Any CPU = Debug|Any CPU
		Release|Any CPU = Release|Any CPU
	EndGlobalSection
	GlobalSection(ProjectConfigurationPlatforms) = postSolution
		{86299345-D618-4138-AC04-5E3DC083F97B}.Debug|Any CPU.ActiveCfg = Debug|Any CPU
		{86299345-D618-4138-AC04-5E3DC083F97B}.Debug|Any CPU.Build.0 = Debug|Any CPU
		{86299345-D618-4138-AC04-5E3DC083F97B}.Release|Any CPU.ActiveCfg = Release|Any CPU
		{86299345-D618-4138-AC04-5E3DC083F97B}.Release|Any CPU.Build.0 = Release|Any CPU
		{8A2F0C4B-DBA5-46BF-8557-F79800723AF8}.Debug|Any CPU.ActiveCfg = Debug|Any CPU
		{8A2F0C4B-DBA5-46BF-8557-F79800723AF8}.Debug|Any CPU.Build.0 = Debug|Any CPU
		{8A2F0C4B-DBA5-46BF-8557-F79800723AF8}.Release|Any CPU.ActiveCfg = Release|Any CPU
		{8A2F0C4B-DBA5-46BF-8557-F79800723AF8}.Release|Any CPU.Build.0 = Release|Any CPU
		{D14137F1-4DB7-456F-B9AA-F2C3CC86A87A}.Debug|Any CPU.ActiveCfg = Debug|Any CPU
		{D14137F1-4DB7-456F-B9AA-F2C3CC86A87A}.Debug|Any CPU.Build.0 = Debug|Any CPU
		{D14137F1-4DB7-456F-B9AA-F2C3CC86A87A}.Release|Any CPU.ActiveCfg = Release|Any CPU
		{D14137F1-4DB7-456F-B9AA-F2C3CC86A87A}.Release|Any CPU.Build.0 = Release|Any CPU
	EndGlobalSection
	GlobalSection(SolutionProperties) = preSolution
		HideSolutionNode = FALSE
	EndGlobalSection
	GlobalSection(ExtensibilityGlobals) = postSolution
		SolutionGuid = {75B2C820-CED4-4AF0-AC77-978ED865A717}
	EndGlobalSection
EndGlobal
